Microsoft Visual Studio Solution File, Format Version 12.00
# Visual Studio Version 17
VisualStudioVersion = 17.5.2.0
MinimumVisualStudioVersion = 10.0.40219.1
Project("{FAE04EC0-301F-11D3-BF4B-00C04F79EFBC}") = "LetterGenerator", "LetterGenerator.csproj", "{9138DDC9-CA86-F73B-F174-D6AEFE4776B3}"
EndProject
Global
	GlobalSection(SolutionConfigurationPlatforms) = preSolution
		Debug|Any CPU = Debug|Any CPU
		Release|Any CPU = Release|Any CPU
	EndGlobalSection
	GlobalSection(ProjectConfigurationPlatforms) = postSolution
		{9138DDC9-CA86-F73B-F174-D6AEFE4776B3}.Debug|Any CPU.ActiveCfg = Debug|Any CPU
		{9138DDC9-CA86-F73B-F174-D6AEFE4776B3}.Debug|Any CPU.Build.0 = Debug|Any CPU
		{9138DDC9-CA86-F73B-F174-D6AEFE4776B3}.Release|Any CPU.ActiveCfg = Release|Any CPU
		{9138DDC9-CA86-F73B-F174-D6AEFE4776B3}.Release|Any CPU.Build.0 = Release|Any CPU
	EndGlobalSection
	GlobalSection(SolutionProperties) = preSolution
		HideSolutionNode = FALSE
	EndGlobalSection
	GlobalSection(ExtensibilityGlobals) = postSolution
		SolutionGuid = {6E433FBB-33BB-43D0-978F-1F3DCA8AA0AB}
	EndGlobalSection
EndGlobal
